github.com/HeRCLab/wavegen v0.0.0-20200619133533-e11c304eb2e8 h1:0rQIJI6vEBfGEfe6RXiL+VJd+fg2V+OfQuuhcpfYrRI=
github.com/akamensky/argparse v1.2.1 h1:YMYF1VMku+dnz7TVTJpYhsCXHSYCVMAIcKaBbjwbvZo=
github.com/akamensky/argparse v1.2.1/go.mod h1:S5kwC7IuDcEr5VeXtGPRVZ5o/FdhcMlQz4IZQuw64xA=
github.com/ckitagawa/go-gnuplot v0.0.1 h1:cx8VqMFsV24PV4gsVjiWKpD4gradQDj5spm8/TreMsE=
github.com/ckitagawa/go-gnuplot v0.0.1/go.mod h1:SfxG3C/3r7/khsRwCeSyEM4XpSwMuvLbqEmq9iItZic=
github.com/google/go-cmp v0.5.0 h1:/QaMHBdZ26BB3SSst0Iwl10Epc+xhTquomWX0oZEB6w=
github.com/google/go-cmp v0.5.0/go.mod h1:v8dTdLbMG2kIc/vJvl+f65V22dbkXbowE6jgT/gNBxE=
github.com/herclab/wavegen v0.0.0-20200619122611-c375430712de h1:gTcIIEbQS3iJKAtvmPcqBRK/pSQdCqSOftYXDwvgZU8=
github.com/kingishb/go-gnuplot v0.0.0-20180328172346-32f3e1634ed0 h1:gcczQvVAJyOLpHG7r2f4ttg9pcTgsyHqUxqsoOz9wk0=
github.com/kingishb/go-gnuplot v0.0.0-20180328172346-32f3e1634ed0/go.mod h1:LPaRgowZ4VQW1O0eX1YVmxr09uyBJaWTU2co/qmM2ek=
github.com/montanaflynn/stats v0.6.3 h1:F8446DrvIF5V5smZfZ8K9nrmmix0AFgevPdLruGOmzk=
github.com/montanaflynn/stats v0.6.3/go.mod h1:wL8QJuTMNUDYhXwkmfOly8iTdp5TEcJFWZD2D7SIkUc=
github.com/sbinet/go-gnuplot v0.0.0-20130514120836-9167d8eb1ac4 h1:DjPYuV8FWDg57bkdJ2DQUB6PMQJUapXdJ1uCvPC7XT0=
github.com/sbinet/go-gnuplot v0.0.0-20130514120836-9167d8eb1ac4/go.mod h1:cBjaN6xLFdcYFeCkvNXnUCPPeHA23BR6Yg6liSwsLjE=
golang.org/x/xerrors v0.0.0-20191204190536-9bdfabe68543 h1:E7g+9GITq07hpfrRu66IVDexMakfv52eLZ2CXBWiKr4=
golang.org/x/xerrors v0.0.0-20191204190536-9bdfabe68543/go.mod h1:I/5z698sn9Ka8TeJc9MKroUUfqBBauWjQqLJ2OPfmY0=
